{
  "name": "fx-nbp",
  "version": "1.0.0",
  "lockfileVersion": 1,
  "requires": true,
  "dependencies": {
    "poland-public-holidays": {
      "version": "1.0.1",
      "resolved": "https://registry.npmjs.org/poland-public-holidays/-/poland-public-holidays-1.0.1.tgz",
      "integrity": "sha512-P7Tpw1gPuuex+89yX/a55LUjzGxIBqr+ulPvsQ5xQKMrVadrDOiGGb5l9dS75hTrsvreBxZUYBBXXbYnhf/XZw=="
    }
  }
}
